// !$*UTF8*$!
{
	archiveVersion = 1;
	classes = {
	};
	objectVersion = 56;
	objects = {

/* Begin PBXFileReference section */
		C55467712BC77AD4001164EB /* 01_helloWorld.c */ = {isa = PBXFileReference; lastKnownFileType = sourcecode.c.c; path = 01_helloWorld.c; sourceTree = "<group>"; };
		C55467742BC78867001164EB /* 02_sharp.c */ = {isa = PBXFileReference; lastKnownFileType = sourcecode.c.c; path = 02_sharp.c; sourceTree = "<group>"; };
/* End PBXFileReference section */

/* Begin PBXGroup section */
		C554676A2BC7798F001164EB = {
			isa = PBXGroup;
			children = (
				C55467712BC77AD4001164EB /* 01_helloWorld.c */,
				C55467742BC78867001164EB /* 02_sharp.c */,
			);
			sourceTree = "<group>";
		};
/* End PBXGroup section */

/* Begin PBXProject section */
		C554676B2BC7798F001164EB /* Project object */ = {
			isa = PBXProject;
			attributes = {
				BuildIndependentTargetsInParallel = 1;
				LastUpgradeCheck = 1530;
			};
			buildConfigurationList = C554676E2BC7798F001164EB /* Build configuration list for PBXProject "01" */;
			compatibilityVersion = "Xcode 14.0";
			developmentRegion = en;
			hasScannedForEncodings = 0;
			knownRegions = (
				en,
				Base,
			);
			mainGroup = C554676A2BC7798F001164EB;
			projectDirPath = "";
			projectRoot = "";
			targets = (
			);
		};
/* End PBXProject section */

/* Begin XCBuildConfiguration section */
		C554676F2BC7798F001164EB /* Debug */ = {
			isa = XCBuildConfiguration;
			buildSettings = {
			};
			name = Debug;
		};
		C55467702BC7798F001164EB /* Release */ = {
			isa = XCBuildConfiguration;
			buildSettings = {
			};
			name = Release;
		};
/* End XCBuildConfiguration section */

/* Begin XCConfigurationList section */
		C554676E2BC7798F001164EB /* Build configuration list for PBXProject "01" */ = {
			isa = XCConfigurationList;
			buildConfigurations = (
				C554676F2BC7798F001164EB /* Debug */,
				C55467702BC7798F001164EB /* Release */,
			);
			defaultConfigurationIsVisible = 0;
			defaultConfigurationName = Release;
		};
/* End XCConfigurationList section */
	};
	rootObject = C554676B2BC7798F001164EB /* Project object */;
}
